
Microsoft Visual Studio Solution File, Format Version 12.00
# Visual Studio 2013
VisualStudioVersion = 12.0.31101.0
MinimumVisualStudioVersion = 10.0.40219.1
Project("{2150E333-8FDC-42A3-9474-1A3956D46DE8}") = ".nuget", ".nuget", "{9CF96ED9-E3A5-45FB-B7FF-4DB04AD75A16}"
	ProjectSection(SolutionItems) = preProject
		.nuget\packages.config = .nuget\packages.config
	EndProjectSection
EndProject
Project("{FAE04EC0-301F-11D3-BF4B-00C04F79EFBC}") = "WebApplication1", "..\WebApplication1\WebApplication1.csproj", "{900992DC-9482-41F7-8F2B-5A408E53FA03}"
EndProject
Project("{2150E333-8FDC-42A3-9474-1A3956D46DE8}") = "Solution Items", "Solution Items", "{23E5C803-6607-4BD5-B0D1-092BCE1314F0}"
EndProject
Project("{2150E333-8FDC-42A3-9474-1A3956D46DE8}") = "ServerTemplates", "ServerTemplates", "{072D7DF1-4754-4FE8-B551-66D823E81C67}"
	ProjectSection(SolutionItems) = preProject
		ServerTemplates\WCFAsyncQueryableServices.DTO.ttinclude = ServerTemplates\WCFAsyncQueryableServices.DTO.ttinclude
		ServerTemplates\WCFAsyncQueryableServices.Edmx.Utility.ttinclude = ServerTemplates\WCFAsyncQueryableServices.Edmx.Utility.ttinclude
		ServerTemplates\WCFAsyncQueryableServices.NET45.Server.DAL.Mock.ttinclude = ServerTemplates\WCFAsyncQueryableServices.NET45.Server.DAL.Mock.ttinclude
		ServerTemplates\WCFAsyncQueryableServices.NET45.Server.DAL.ttinclude = ServerTemplates\WCFAsyncQueryableServices.NET45.Server.DAL.ttinclude
		ServerTemplates\WCFAsyncQueryableServices.NET45.Server.Fx.DAL.Interfaces.ttinclude = ServerTemplates\WCFAsyncQueryableServices.NET45.Server.Fx.DAL.Interfaces.ttinclude
		ServerTemplates\WCFAsyncQueryableServices.NET45.Server.Fx.DAL.Mock.ttinclude = ServerTemplates\WCFAsyncQueryableServices.NET45.Server.Fx.DAL.Mock.ttinclude
		ServerTemplates\WCFAsyncQueryableServices.NET45.Server.Fx.DAL.ttinclude = ServerTemplates\WCFAsyncQueryableServices.NET45.Server.Fx.DAL.ttinclude
		ServerTemplates\WCFAsyncQueryableServices.Root.Base.ttinclude = ServerTemplates\WCFAsyncQueryableServices.Root.Base.ttinclude
		ServerTemplates\WCFAsyncQueryableServices.Server.DAL.CSharp.Views.ttinclude = ServerTemplates\WCFAsyncQueryableServices.Server.DAL.CSharp.Views.ttinclude
		ServerTemplates\WCFAsyncQueryableServices.Server.DAL.emdx.ttinclude = ServerTemplates\WCFAsyncQueryableServices.Server.DAL.emdx.ttinclude
		ServerTemplates\WCFAsyncQueryableServices.Server.DAL.Interfaces.ttinclude = ServerTemplates\WCFAsyncQueryableServices.Server.DAL.Interfaces.ttinclude
		ServerTemplates\WCFAsyncQueryableServices.Server.DAL.ttinclude = ServerTemplates\WCFAsyncQueryableServices.Server.DAL.ttinclude
		ServerTemplates\WCFAsyncQueryableServices.Server.DTO.Specifications.ttinclude = ServerTemplates\WCFAsyncQueryableServices.Server.DTO.Specifications.ttinclude
		ServerTemplates\WCFAsyncQueryableServices.Server.DTO.ttinclude = ServerTemplates\WCFAsyncQueryableServices.Server.DTO.ttinclude
		ServerTemplates\WCFAsyncQueryableServices.Server.Entities.Specifications.ttinclude = ServerTemplates\WCFAsyncQueryableServices.Server.Entities.Specifications.ttinclude
		ServerTemplates\WCFAsyncQueryableServices.Server.Entities.ttinclude = ServerTemplates\WCFAsyncQueryableServices.Server.Entities.ttinclude
		ServerTemplates\WCFAsyncQueryableServices.Server.Fx.Common.ttinclude = ServerTemplates\WCFAsyncQueryableServices.Server.Fx.Common.ttinclude
		ServerTemplates\WCFAsyncQueryableServices.Server.Fx.DAL.Interfaces.ttinclude = ServerTemplates\WCFAsyncQueryableServices.Server.Fx.DAL.Interfaces.ttinclude
		ServerTemplates\WCFAsyncQueryableServices.Server.Fx.DAL.ttinclude = ServerTemplates\WCFAsyncQueryableServices.Server.Fx.DAL.ttinclude
		ServerTemplates\WCFAsyncQueryableServices.Server.Fx.Entities.ttinclude = ServerTemplates\WCFAsyncQueryableServices.Server.Fx.Entities.ttinclude
		ServerTemplates\WCFAsyncQueryableServices.Server.Fx.SerializableExpressions.ttinclude = ServerTemplates\WCFAsyncQueryableServices.Server.Fx.SerializableExpressions.ttinclude
		ServerTemplates\WCFAsyncQueryableServices.Server.Fx.Service.Interfaces.ttinclude = ServerTemplates\WCFAsyncQueryableServices.Server.Fx.Service.Interfaces.ttinclude
		ServerTemplates\WCFAsyncQueryableServices.Server.Fx.Service.ttinclude = ServerTemplates\WCFAsyncQueryableServices.Server.Fx.Service.ttinclude
		ServerTemplates\WCFAsyncQueryableServices.Server.Fx.Specifications.ttinclude = ServerTemplates\WCFAsyncQueryableServices.Server.Fx.Specifications.ttinclude
		ServerTemplates\WCFAsyncQueryableServices.Server.Fx.WCFService.Contract.ttinclude = ServerTemplates\WCFAsyncQueryableServices.Server.Fx.WCFService.Contract.ttinclude
		ServerTemplates\WCFAsyncQueryableServices.Server.Fx.WCFService.ExceptionHandler.ttinclude = ServerTemplates\WCFAsyncQueryableServices.Server.Fx.WCFService.ExceptionHandler.ttinclude
		ServerTemplates\WCFAsyncQueryableServices.Server.Fx.WCFService.ttinclude = ServerTemplates\WCFAsyncQueryableServices.Server.Fx.WCFService.ttinclude
		ServerTemplates\WCFAsyncQueryableServices.Server.Fx.WCFService.Unity.ttinclude = ServerTemplates\WCFAsyncQueryableServices.Server.Fx.WCFService.Unity.ttinclude
		ServerTemplates\WCFAsyncQueryableServices.Server.Global.WCFService.Contract.ttinclude = ServerTemplates\WCFAsyncQueryableServices.Server.Global.WCFService.Contract.ttinclude
		ServerTemplates\WCFAsyncQueryableServices.Server.Service.Interfaces.ttinclude = ServerTemplates\WCFAsyncQueryableServices.Server.Service.Interfaces.ttinclude
		ServerTemplates\WCFAsyncQueryableServices.Server.Service.ttinclude = ServerTemplates\WCFAsyncQueryableServices.Server.Service.ttinclude
		ServerTemplates\WCFAsyncQueryableServices.Server.Specification.Expression.ttinclude = ServerTemplates\WCFAsyncQueryableServices.Server.Specification.Expression.ttinclude
		ServerTemplates\WCFAsyncQueryableServices.Server.Specifications.ttinclude = ServerTemplates\WCFAsyncQueryableServices.Server.Specifications.ttinclude
		ServerTemplates\WCFAsyncQueryableServices.Server.ttinclude = ServerTemplates\WCFAsyncQueryableServices.Server.ttinclude
		ServerTemplates\WCFAsyncQueryableServices.Server.WCFService.Contract.ttinclude = ServerTemplates\WCFAsyncQueryableServices.Server.WCFService.Contract.ttinclude
		ServerTemplates\WCFAsyncQueryableServices.Server.WCFService.ttinclude = ServerTemplates\WCFAsyncQueryableServices.Server.WCFService.ttinclude
		ServerTemplates\WCFAsyncQueryableServices.Service.Base.ttinclude = ServerTemplates\WCFAsyncQueryableServices.Service.Base.ttinclude
		ServerTemplates\WCFAsyncQueryableServices.Specifications.Entities.ttinclude = ServerTemplates\WCFAsyncQueryableServices.Specifications.Entities.ttinclude
		ServerTemplates\WCFAsyncQueryableServices.Specifications.ttinclude = ServerTemplates\WCFAsyncQueryableServices.Specifications.ttinclude
		ServerTemplates\WCFAsyncQueryableServices.VS11.Edmx.Utility.merge.tt = ServerTemplates\WCFAsyncQueryableServices.VS11.Edmx.Utility.merge.tt
		ServerTemplates\WCFAsyncQueryableServices.VS12.Edmx.Utility.merge.tt = ServerTemplates\WCFAsyncQueryableServices.VS12.Edmx.Utility.merge.tt
		ServerTemplates\WCFAsyncQueryableServices.VS12.Edmx.Utility.ttinclude = ServerTemplates\WCFAsyncQueryableServices.VS12.Edmx.Utility.ttinclude
		ServerTemplates\WCFAsyncQueryableServices.VS12.EF.Utility.CS.OOB.ttinclude = ServerTemplates\WCFAsyncQueryableServices.VS12.EF.Utility.CS.OOB.ttinclude
		ServerTemplates\WCFAsyncQueryableServices.VS12.NET45.Server.DAL.CSharp.Views.merge.tt = ServerTemplates\WCFAsyncQueryableServices.VS12.NET45.Server.DAL.CSharp.Views.merge.tt
		ServerTemplates\WCFAsyncQueryableServices.VS12.NET45.Server.DAL.CSharp.Views.ttinclude = ServerTemplates\WCFAsyncQueryableServices.VS12.NET45.Server.DAL.CSharp.Views.ttinclude
		ServerTemplates\WCFAsyncQueryableServices.VS12.NET45.Server.DAL.emdx.merge.tt = ServerTemplates\WCFAsyncQueryableServices.VS12.NET45.Server.DAL.emdx.merge.tt
		ServerTemplates\WCFAsyncQueryableServices.VS12.NET45.Server.DAL.emdx.ttinclude = ServerTemplates\WCFAsyncQueryableServices.VS12.NET45.Server.DAL.emdx.ttinclude
		ServerTemplates\WCFAsyncQueryableServices.VS12.NET45.Server.DAL.Interfaces.merge.tt = ServerTemplates\WCFAsyncQueryableServices.VS12.NET45.Server.DAL.Interfaces.merge.tt
		ServerTemplates\WCFAsyncQueryableServices.VS12.NET45.Server.DAL.Interfaces.ttinclude = ServerTemplates\WCFAsyncQueryableServices.VS12.NET45.Server.DAL.Interfaces.ttinclude
		ServerTemplates\WCFAsyncQueryableServices.VS12.NET45.Server.DAL.merge.tt = ServerTemplates\WCFAsyncQueryableServices.VS12.NET45.Server.DAL.merge.tt
		ServerTemplates\WCFAsyncQueryableServices.VS12.NET45.Server.DAL.ttinclude = ServerTemplates\WCFAsyncQueryableServices.VS12.NET45.Server.DAL.ttinclude
		ServerTemplates\WCFAsyncQueryableServices.VS12.NET45.Server.DTO.merge.tt = ServerTemplates\WCFAsyncQueryableServices.VS12.NET45.Server.DTO.merge.tt
		ServerTemplates\WCFAsyncQueryableServices.VS12.NET45.Server.DTO.Specifications.merge.tt = ServerTemplates\WCFAsyncQueryableServices.VS12.NET45.Server.DTO.Specifications.merge.tt
		ServerTemplates\WCFAsyncQueryableServices.VS12.NET45.Server.DTO.Specifications.ttinclude = ServerTemplates\WCFAsyncQueryableServices.VS12.NET45.Server.DTO.Specifications.ttinclude
		ServerTemplates\WCFAsyncQueryableServices.VS12.NET45.Server.DTO.ttinclude = ServerTemplates\WCFAsyncQueryableServices.VS12.NET45.Server.DTO.ttinclude
		ServerTemplates\WCFAsyncQueryableServices.VS12.NET45.Server.Entities.merge.tt = ServerTemplates\WCFAsyncQueryableServices.VS12.NET45.Server.Entities.merge.tt
		ServerTemplates\WCFAsyncQueryableServices.VS12.NET45.Server.Entities.Specifications.merge.tt = ServerTemplates\WCFAsyncQueryableServices.VS12.NET45.Server.Entities.Specifications.merge.tt
		ServerTemplates\WCFAsyncQueryableServices.VS12.NET45.Server.Entities.Specifications.ttinclude = ServerTemplates\WCFAsyncQueryableServices.VS12.NET45.Server.Entities.Specifications.ttinclude
		ServerTemplates\WCFAsyncQueryableServices.VS12.NET45.Server.Entities.ttinclude = ServerTemplates\WCFAsyncQueryableServices.VS12.NET45.Server.Entities.ttinclude
		ServerTemplates\WCFAsyncQueryableServices.VS12.NET45.Server.Fx.Common.merge.tt = ServerTemplates\WCFAsyncQueryableServices.VS12.NET45.Server.Fx.Common.merge.tt
		ServerTemplates\WCFAsyncQueryableServices.VS12.NET45.Server.Fx.Common.ttinclude = ServerTemplates\WCFAsyncQueryableServices.VS12.NET45.Server.Fx.Common.ttinclude
		ServerTemplates\WCFAsyncQueryableServices.VS12.NET45.Server.Fx.DAL.Interfaces.merge.tt = ServerTemplates\WCFAsyncQueryableServices.VS12.NET45.Server.Fx.DAL.Interfaces.merge.tt
		ServerTemplates\WCFAsyncQueryableServices.VS12.NET45.Server.Fx.DAL.Interfaces.ttinclude = ServerTemplates\WCFAsyncQueryableServices.VS12.NET45.Server.Fx.DAL.Interfaces.ttinclude
		ServerTemplates\WCFAsyncQueryableServices.VS12.NET45.Server.Fx.DAL.merge.tt = ServerTemplates\WCFAsyncQueryableServices.VS12.NET45.Server.Fx.DAL.merge.tt
		ServerTemplates\WCFAsyncQueryableServices.VS12.NET45.Server.Fx.DAL.ttinclude = ServerTemplates\WCFAsyncQueryableServices.VS12.NET45.Server.Fx.DAL.ttinclude
		ServerTemplates\WCFAsyncQueryableServices.VS12.NET45.Server.Fx.Entities.merge.tt = ServerTemplates\WCFAsyncQueryableServices.VS12.NET45.Server.Fx.Entities.merge.tt
		ServerTemplates\WCFAsyncQueryableServices.VS12.NET45.Server.Fx.Entities.ttinclude = ServerTemplates\WCFAsyncQueryableServices.VS12.NET45.Server.Fx.Entities.ttinclude
		ServerTemplates\WCFAsyncQueryableServices.VS12.NET45.Server.Fx.SerializableExpressions.merge.tt = ServerTemplates\WCFAsyncQueryableServices.VS12.NET45.Server.Fx.SerializableExpressions.merge.tt
		ServerTemplates\WCFAsyncQueryableServices.VS12.NET45.Server.Fx.SerializableExpressions.ttinclude = ServerTemplates\WCFAsyncQueryableServices.VS12.NET45.Server.Fx.SerializableExpressions.ttinclude
		ServerTemplates\WCFAsyncQueryableServices.VS12.NET45.Server.Fx.Service.Interfaces.merge.tt = ServerTemplates\WCFAsyncQueryableServices.VS12.NET45.Server.Fx.Service.Interfaces.merge.tt
		ServerTemplates\WCFAsyncQueryableServices.VS12.NET45.Server.Fx.Service.Interfaces.ttinclude = ServerTemplates\WCFAsyncQueryableServices.VS12.NET45.Server.Fx.Service.Interfaces.ttinclude
		ServerTemplates\WCFAsyncQueryableServices.VS12.NET45.Server.Fx.Service.merge.tt = ServerTemplates\WCFAsyncQueryableServices.VS12.NET45.Server.Fx.Service.merge.tt
		ServerTemplates\WCFAsyncQueryableServices.VS12.NET45.Server.Fx.Service.ttinclude = ServerTemplates\WCFAsyncQueryableServices.VS12.NET45.Server.Fx.Service.ttinclude
		ServerTemplates\WCFAsyncQueryableServices.VS12.NET45.Server.Fx.Specifications.merge.tt = ServerTemplates\WCFAsyncQueryableServices.VS12.NET45.Server.Fx.Specifications.merge.tt
		ServerTemplates\WCFAsyncQueryableServices.VS12.NET45.Server.Fx.Specifications.ttinclude = ServerTemplates\WCFAsyncQueryableServices.VS12.NET45.Server.Fx.Specifications.ttinclude
		ServerTemplates\WCFAsyncQueryableServices.VS12.NET45.Server.Fx.WCFService.Contract.merge.tt = ServerTemplates\WCFAsyncQueryableServices.VS12.NET45.Server.Fx.WCFService.Contract.merge.tt
		ServerTemplates\WCFAsyncQueryableServices.VS12.NET45.Server.Fx.WCFService.Contract.ttinclude = ServerTemplates\WCFAsyncQueryableServices.VS12.NET45.Server.Fx.WCFService.Contract.ttinclude
		ServerTemplates\WCFAsyncQueryableServices.VS12.NET45.Server.Fx.WCFService.ExceptionHandler.merge.tt = ServerTemplates\WCFAsyncQueryableServices.VS12.NET45.Server.Fx.WCFService.ExceptionHandler.merge.tt
		ServerTemplates\WCFAsyncQueryableServices.VS12.NET45.Server.Fx.WCFService.ExceptionHandler.ttinclude = ServerTemplates\WCFAsyncQueryableServices.VS12.NET45.Server.Fx.WCFService.ExceptionHandler.ttinclude
		ServerTemplates\WCFAsyncQueryableServices.VS12.NET45.Server.Fx.WCFService.merge.tt = ServerTemplates\WCFAsyncQueryableServices.VS12.NET45.Server.Fx.WCFService.merge.tt
		ServerTemplates\WCFAsyncQueryableServices.VS12.NET45.Server.Fx.WCFService.ttinclude = ServerTemplates\WCFAsyncQueryableServices.VS12.NET45.Server.Fx.WCFService.ttinclude
		ServerTemplates\WCFAsyncQueryableServices.VS12.NET45.Server.Fx.WCFService.Unity.merge.tt = ServerTemplates\WCFAsyncQueryableServices.VS12.NET45.Server.Fx.WCFService.Unity.merge.tt
		ServerTemplates\WCFAsyncQueryableServices.VS12.NET45.Server.Fx.WCFService.Unity.ttinclude = ServerTemplates\WCFAsyncQueryableServices.VS12.NET45.Server.Fx.WCFService.Unity.ttinclude
		ServerTemplates\WCFAsyncQueryableServices.VS12.NET45.Server.Global.WCFService.Contract.merge.tt = ServerTemplates\WCFAsyncQueryableServices.VS12.NET45.Server.Global.WCFService.Contract.merge.tt
		ServerTemplates\WCFAsyncQueryableServices.VS12.NET45.Server.Global.WCFService.Contract.ttinclude = ServerTemplates\WCFAsyncQueryableServices.VS12.NET45.Server.Global.WCFService.Contract.ttinclude
		ServerTemplates\WCFAsyncQueryableServices.VS12.NET45.Server.merge.tt = ServerTemplates\WCFAsyncQueryableServices.VS12.NET45.Server.merge.tt
		ServerTemplates\WCFAsyncQueryableServices.VS12.NET45.Server.Service.Interfaces.merge.tt = ServerTemplates\WCFAsyncQueryableServices.VS12.NET45.Server.Service.Interfaces.merge.tt
		ServerTemplates\WCFAsyncQueryableServices.VS12.NET45.Server.Service.Interfaces.ttinclude = ServerTemplates\WCFAsyncQueryableServices.VS12.NET45.Server.Service.Interfaces.ttinclude
		ServerTemplates\WCFAsyncQueryableServices.VS12.NET45.Server.Service.merge.tt = ServerTemplates\WCFAsyncQueryableServices.VS12.NET45.Server.Service.merge.tt
		ServerTemplates\WCFAsyncQueryableServices.VS12.NET45.Server.Service.ttinclude = ServerTemplates\WCFAsyncQueryableServices.VS12.NET45.Server.Service.ttinclude
		ServerTemplates\WCFAsyncQueryableServices.VS12.NET45.Server.Specifications.merge.tt = ServerTemplates\WCFAsyncQueryableServices.VS12.NET45.Server.Specifications.merge.tt
		ServerTemplates\WCFAsyncQueryableServices.VS12.NET45.Server.Specifications.ttinclude = ServerTemplates\WCFAsyncQueryableServices.VS12.NET45.Server.Specifications.ttinclude
		ServerTemplates\WCFAsyncQueryableServices.VS12.NET45.Server.ttinclude = ServerTemplates\WCFAsyncQueryableServices.VS12.NET45.Server.ttinclude
		ServerTemplates\WCFAsyncQueryableServices.VS12.NET45.Server.WCFService.Contract.merge.tt = ServerTemplates\WCFAsyncQueryableServices.VS12.NET45.Server.WCFService.Contract.merge.tt
		ServerTemplates\WCFAsyncQueryableServices.VS12.NET45.Server.WCFService.Contract.ttinclude = ServerTemplates\WCFAsyncQueryableServices.VS12.NET45.Server.WCFService.Contract.ttinclude
		ServerTemplates\WCFAsyncQueryableServices.VS12.NET45.Server.WCFService.merge.tt = ServerTemplates\WCFAsyncQueryableServices.VS12.NET45.Server.WCFService.merge.tt
		ServerTemplates\WCFAsyncQueryableServices.VS12.NET45.Server.WCFService.ttinclude = ServerTemplates\WCFAsyncQueryableServices.VS12.NET45.Server.WCFService.ttinclude
		ServerTemplates\WCFAsyncQueryableServices.VS12.Server.DAL.CSharp.Views.ttinclude = ServerTemplates\WCFAsyncQueryableServices.VS12.Server.DAL.CSharp.Views.ttinclude
		ServerTemplates\WCFAsyncQueryableServices.VS12.Server.DAL.emdx.ttinclude = ServerTemplates\WCFAsyncQueryableServices.VS12.Server.DAL.emdx.ttinclude
		ServerTemplates\WCFAsyncQueryableServices.VS12.Server.DAL.Interfaces.ttinclude = ServerTemplates\WCFAsyncQueryableServices.VS12.Server.DAL.Interfaces.ttinclude
		ServerTemplates\WCFAsyncQueryableServices.VS12.Server.DAL.ttinclude = ServerTemplates\WCFAsyncQueryableServices.VS12.Server.DAL.ttinclude
		ServerTemplates\WCFAsyncQueryableServices.VS12.Server.DTO.Specifications.ttinclude = ServerTemplates\WCFAsyncQueryableServices.VS12.Server.DTO.Specifications.ttinclude
		ServerTemplates\WCFAsyncQueryableServices.VS12.Server.DTO.ttinclude = ServerTemplates\WCFAsyncQueryableServices.VS12.Server.DTO.ttinclude
		ServerTemplates\WCFAsyncQueryableServices.VS12.Server.Entities.Specifications.ttinclude = ServerTemplates\WCFAsyncQueryableServices.VS12.Server.Entities.Specifications.ttinclude
		ServerTemplates\WCFAsyncQueryableServices.VS12.Server.Entities.ttinclude = ServerTemplates\WCFAsyncQueryableServices.VS12.Server.Entities.ttinclude
		ServerTemplates\WCFAsyncQueryableServices.VS12.Server.Fx.Common.ttinclude = ServerTemplates\WCFAsyncQueryableServices.VS12.Server.Fx.Common.ttinclude
		ServerTemplates\WCFAsyncQueryableServices.VS12.Server.Fx.DAL.Interfaces.ttinclude = ServerTemplates\WCFAsyncQueryableServices.VS12.Server.Fx.DAL.Interfaces.ttinclude
		ServerTemplates\WCFAsyncQueryableServices.VS12.Server.Fx.DAL.ttinclude = ServerTemplates\WCFAsyncQueryableServices.VS12.Server.Fx.DAL.ttinclude
		ServerTemplates\WCFAsyncQueryableServices.VS12.Server.Fx.Entities.ttinclude = ServerTemplates\WCFAsyncQueryableServices.VS12.Server.Fx.Entities.ttinclude
		ServerTemplates\WCFAsyncQueryableServices.VS12.Server.Fx.SerializableExpressions.ttinclude = ServerTemplates\WCFAsyncQueryableServices.VS12.Server.Fx.SerializableExpressions.ttinclude
		ServerTemplates\WCFAsyncQueryableServices.VS12.Server.Fx.Service.Interfaces.ttinclude = ServerTemplates\WCFAsyncQueryableServices.VS12.Server.Fx.Service.Interfaces.ttinclude
		ServerTemplates\WCFAsyncQueryableServices.VS12.Server.Fx.Service.ttinclude = ServerTemplates\WCFAsyncQueryableServices.VS12.Server.Fx.Service.ttinclude
		ServerTemplates\WCFAsyncQueryableServices.VS12.Server.Fx.Specifications.ttinclude = ServerTemplates\WCFAsyncQueryableServices.VS12.Server.Fx.Specifications.ttinclude
		ServerTemplates\WCFAsyncQueryableServices.VS12.Server.Fx.WCFService.Contract.ttinclude = ServerTemplates\WCFAsyncQueryableServices.VS12.Server.Fx.WCFService.Contract.ttinclude
		ServerTemplates\WCFAsyncQueryableServices.VS12.Server.Fx.WCFService.ExceptionHandler.ttinclude = ServerTemplates\WCFAsyncQueryableServices.VS12.Server.Fx.WCFService.ExceptionHandler.ttinclude
		ServerTemplates\WCFAsyncQueryableServices.VS12.Server.Fx.WCFService.ttinclude = ServerTemplates\WCFAsyncQueryableServices.VS12.Server.Fx.WCFService.ttinclude
		ServerTemplates\WCFAsyncQueryableServices.VS12.Server.Fx.WCFService.Unity.ttinclude = ServerTemplates\WCFAsyncQueryableServices.VS12.Server.Fx.WCFService.Unity.ttinclude
		ServerTemplates\WCFAsyncQueryableServices.VS12.Server.Global.WCFService.Contract.ttinclude = ServerTemplates\WCFAsyncQueryableServices.VS12.Server.Global.WCFService.Contract.ttinclude
		ServerTemplates\WCFAsyncQueryableServices.VS12.Server.Service.Interfaces.ttinclude = ServerTemplates\WCFAsyncQueryableServices.VS12.Server.Service.Interfaces.ttinclude
		ServerTemplates\WCFAsyncQueryableServices.VS12.Server.Service.ttinclude = ServerTemplates\WCFAsyncQueryableServices.VS12.Server.Service.ttinclude
		ServerTemplates\WCFAsyncQueryableServices.VS12.Server.Specifications.ttinclude = ServerTemplates\WCFAsyncQueryableServices.VS12.Server.Specifications.ttinclude
		ServerTemplates\WCFAsyncQueryableServices.VS12.Server.ttinclude = ServerTemplates\WCFAsyncQueryableServices.VS12.Server.ttinclude
		ServerTemplates\WCFAsyncQueryableServices.VS12.Server.WCFService.Contract.ttinclude = ServerTemplates\WCFAsyncQueryableServices.VS12.Server.WCFService.Contract.ttinclude
		ServerTemplates\WCFAsyncQueryableServices.VS12.Server.WCFService.ttinclude = ServerTemplates\WCFAsyncQueryableServices.VS12.Server.WCFService.ttinclude
		ServerTemplates\WCFAsyncQueryableServices.VS12.Specifications.ttinclude = ServerTemplates\WCFAsyncQueryableServices.VS12.Specifications.ttinclude
	EndProjectSection
EndProject
Project("{2150E333-8FDC-42A3-9474-1A3956D46DE8}") = "WPFClientTemplates", "WPFClientTemplates", "{6C4307D1-3C2F-42C3-BA12-E41459EDBC9D}"
	ProjectSection(SolutionItems) = preProject
		WPFClientTemplates\WCFAsyncQueryableServices.Client.ClientContext.Base.ttinclude = WPFClientTemplates\WCFAsyncQueryableServices.Client.ClientContext.Base.ttinclude
		WPFClientTemplates\WCFAsyncQueryableServices.Client.ClientContext.Interfaces.ttinclude = WPFClientTemplates\WCFAsyncQueryableServices.Client.ClientContext.Interfaces.ttinclude
		WPFClientTemplates\WCFAsyncQueryableServices.Client.ClientContext.ttinclude = WPFClientTemplates\WCFAsyncQueryableServices.Client.ClientContext.ttinclude
		WPFClientTemplates\WCFAsyncQueryableServices.Client.DTO.Specifications.ttinclude = WPFClientTemplates\WCFAsyncQueryableServices.Client.DTO.Specifications.ttinclude
		WPFClientTemplates\WCFAsyncQueryableServices.Client.DTO.ttinclude = WPFClientTemplates\WCFAsyncQueryableServices.Client.DTO.ttinclude
		WPFClientTemplates\WCFAsyncQueryableServices.Client.Entities.ttinclude = WPFClientTemplates\WCFAsyncQueryableServices.Client.Entities.ttinclude
		WPFClientTemplates\WCFAsyncQueryableServices.Client.Fx.ClientContext.Interfaces.ttinclude = WPFClientTemplates\WCFAsyncQueryableServices.Client.Fx.ClientContext.Interfaces.ttinclude
		WPFClientTemplates\WCFAsyncQueryableServices.Client.Fx.ClientContext.ttinclude = WPFClientTemplates\WCFAsyncQueryableServices.Client.Fx.ClientContext.ttinclude
		WPFClientTemplates\WCFAsyncQueryableServices.Client.Fx.ComponentModel.ttinclude = WPFClientTemplates\WCFAsyncQueryableServices.Client.Fx.ComponentModel.ttinclude
		WPFClientTemplates\WCFAsyncQueryableServices.Client.Fx.Controls.ttinclude = WPFClientTemplates\WCFAsyncQueryableServices.Client.Fx.Controls.ttinclude
		WPFClientTemplates\WCFAsyncQueryableServices.Client.Fx.Converters.ttinclude = WPFClientTemplates\WCFAsyncQueryableServices.Client.Fx.Converters.ttinclude
		WPFClientTemplates\WCFAsyncQueryableServices.Client.Fx.Entities.Tracking.ttinclude = WPFClientTemplates\WCFAsyncQueryableServices.Client.Fx.Entities.Tracking.ttinclude
		WPFClientTemplates\WCFAsyncQueryableServices.Client.Fx.Entities.ttinclude = WPFClientTemplates\WCFAsyncQueryableServices.Client.Fx.Entities.ttinclude
		WPFClientTemplates\WCFAsyncQueryableServices.Client.Global.ClientContext.Base.ttinclude = WPFClientTemplates\WCFAsyncQueryableServices.Client.Global.ClientContext.Base.ttinclude
		WPFClientTemplates\WCFAsyncQueryableServices.Client.Global.ClientContext.Interfaces.ttinclude = WPFClientTemplates\WCFAsyncQueryableServices.Client.Global.ClientContext.Interfaces.ttinclude
		WPFClientTemplates\WCFAsyncQueryableServices.Client.Global.ClientContext.ttinclude = WPFClientTemplates\WCFAsyncQueryableServices.Client.Global.ClientContext.ttinclude
		WPFClientTemplates\WCFAsyncQueryableServices.Client.Global.ttinclude = WPFClientTemplates\WCFAsyncQueryableServices.Client.Global.ttinclude
		WPFClientTemplates\WCFAsyncQueryableServices.Client.ttinclude = WPFClientTemplates\WCFAsyncQueryableServices.Client.ttinclude
		WPFClientTemplates\WCFAsyncQueryableServices.Client.WCFServiceProxy.ttinclude = WPFClientTemplates\WCFAsyncQueryableServices.Client.WCFServiceProxy.ttinclude
		WPFClientTemplates\WCFAsyncQueryableServices.Client.WCFServiceProxyBase.ttinclude = WPFClientTemplates\WCFAsyncQueryableServices.Client.WCFServiceProxyBase.ttinclude
		WPFClientTemplates\WCFAsyncQueryableServices.Client.WPF.ClientContext.Interfaces.ttinclude = WPFClientTemplates\WCFAsyncQueryableServices.Client.WPF.ClientContext.Interfaces.ttinclude
		WPFClientTemplates\WCFAsyncQueryableServices.Client.WPF.ClientContext.ttinclude = WPFClientTemplates\WCFAsyncQueryableServices.Client.WPF.ClientContext.ttinclude
		WPFClientTemplates\WCFAsyncQueryableServices.Client.WPF.Entities.ttinclude = WPFClientTemplates\WCFAsyncQueryableServices.Client.WPF.Entities.ttinclude
		WPFClientTemplates\WCFAsyncQueryableServices.Client.WPF.Fx.ClientContext.Interfaces.ttinclude = WPFClientTemplates\WCFAsyncQueryableServices.Client.WPF.Fx.ClientContext.Interfaces.ttinclude
		WPFClientTemplates\WCFAsyncQueryableServices.Client.WPF.Fx.ClientContext.ttinclude = WPFClientTemplates\WCFAsyncQueryableServices.Client.WPF.Fx.ClientContext.ttinclude
		WPFClientTemplates\WCFAsyncQueryableServices.Client.WPF.Fx.ComponentModel.ttinclude = WPFClientTemplates\WCFAsyncQueryableServices.Client.WPF.Fx.ComponentModel.ttinclude
		WPFClientTemplates\WCFAsyncQueryableServices.Client.WPF.Fx.Controls.ttinclude = WPFClientTemplates\WCFAsyncQueryableServices.Client.WPF.Fx.Controls.ttinclude
		WPFClientTemplates\WCFAsyncQueryableServices.Client.WPF.Global.ttinclude = WPFClientTemplates\WCFAsyncQueryableServices.Client.WPF.Global.ttinclude
		WPFClientTemplates\WCFAsyncQueryableServices.Client.WPF.Global.WCFServiceProxy.ttinclude = WPFClientTemplates\WCFAsyncQueryableServices.Client.WPF.Global.WCFServiceProxy.ttinclude
		WPFClientTemplates\WCFAsyncQueryableServices.Client.WPF.ttinclude = WPFClientTemplates\WCFAsyncQueryableServices.Client.WPF.ttinclude
		WPFClientTemplates\WCFAsyncQueryableServices.Client.WPF.WCFServiceProxy.ttinclude = WPFClientTemplates\WCFAsyncQueryableServices.Client.WPF.WCFServiceProxy.ttinclude
		WPFClientTemplates\WCFAsyncQueryableServices.DTO.ttinclude = WPFClientTemplates\WCFAsyncQueryableServices.DTO.ttinclude
		WPFClientTemplates\WCFAsyncQueryableServices.Edmx.Utility.ttinclude = WPFClientTemplates\WCFAsyncQueryableServices.Edmx.Utility.ttinclude
		WPFClientTemplates\WCFAsyncQueryableServices.NET45.Server.DAL.Mock.ttinclude = WPFClientTemplates\WCFAsyncQueryableServices.NET45.Server.DAL.Mock.ttinclude
		WPFClientTemplates\WCFAsyncQueryableServices.NET45.Server.DAL.ttinclude = WPFClientTemplates\WCFAsyncQueryableServices.NET45.Server.DAL.ttinclude
		WPFClientTemplates\WCFAsyncQueryableServices.NET45.Server.Fx.DAL.Interfaces.ttinclude = WPFClientTemplates\WCFAsyncQueryableServices.NET45.Server.Fx.DAL.Interfaces.ttinclude
		WPFClientTemplates\WCFAsyncQueryableServices.NET45.Server.Fx.DAL.Mock.ttinclude = WPFClientTemplates\WCFAsyncQueryableServices.NET45.Server.Fx.DAL.Mock.ttinclude
		WPFClientTemplates\WCFAsyncQueryableServices.NET45.Server.Fx.DAL.ttinclude = WPFClientTemplates\WCFAsyncQueryableServices.NET45.Server.Fx.DAL.ttinclude
		WPFClientTemplates\WCFAsyncQueryableServices.Root.Base.ttinclude = WPFClientTemplates\WCFAsyncQueryableServices.Root.Base.ttinclude
		WPFClientTemplates\WCFAsyncQueryableServices.Service.Base.ttinclude = WPFClientTemplates\WCFAsyncQueryableServices.Service.Base.ttinclude
		WPFClientTemplates\WCFAsyncQueryableServices.Specifications.Entities.ttinclude = WPFClientTemplates\WCFAsyncQueryableServices.Specifications.Entities.ttinclude
		WPFClientTemplates\WCFAsyncQueryableServices.Specifications.ttinclude = WPFClientTemplates\WCFAsyncQueryableServices.Specifications.ttinclude
		WPFClientTemplates\WCFAsyncQueryableServices.VS11.Edmx.Utility.merge.tt = WPFClientTemplates\WCFAsyncQueryableServices.VS11.Edmx.Utility.merge.tt
		WPFClientTemplates\WCFAsyncQueryableServices.VS12.Client.ClientContext.ttinclude = WPFClientTemplates\WCFAsyncQueryableServices.VS12.Client.ClientContext.ttinclude
		WPFClientTemplates\WCFAsyncQueryableServices.VS12.Client.DTO.Specifications.ttinclude = WPFClientTemplates\WCFAsyncQueryableServices.VS12.Client.DTO.Specifications.ttinclude
		WPFClientTemplates\WCFAsyncQueryableServices.VS12.Client.DTO.ttinclude = WPFClientTemplates\WCFAsyncQueryableServices.VS12.Client.DTO.ttinclude
		WPFClientTemplates\WCFAsyncQueryableServices.VS12.Client.Entities.ttinclude = WPFClientTemplates\WCFAsyncQueryableServices.VS12.Client.Entities.ttinclude
		WPFClientTemplates\WCFAsyncQueryableServices.VS12.Client.Fx.ClientContext.Interfaces.ttinclude = WPFClientTemplates\WCFAsyncQueryableServices.VS12.Client.Fx.ClientContext.Interfaces.ttinclude
		WPFClientTemplates\WCFAsyncQueryableServices.VS12.Client.Fx.ClientContext.ttinclude = WPFClientTemplates\WCFAsyncQueryableServices.VS12.Client.Fx.ClientContext.ttinclude
		WPFClientTemplates\WCFAsyncQueryableServices.VS12.Client.Fx.Controls.ttinclude = WPFClientTemplates\WCFAsyncQueryableServices.VS12.Client.Fx.Controls.ttinclude
		WPFClientTemplates\WCFAsyncQueryableServices.VS12.Client.Fx.Converters.ttinclude = WPFClientTemplates\WCFAsyncQueryableServices.VS12.Client.Fx.Converters.ttinclude
		WPFClientTemplates\WCFAsyncQueryableServices.VS12.Client.Fx.Entities.Tracking.ttinclude = WPFClientTemplates\WCFAsyncQueryableServices.VS12.Client.Fx.Entities.Tracking.ttinclude
		WPFClientTemplates\WCFAsyncQueryableServices.VS12.Client.Fx.Entities.ttinclude = WPFClientTemplates\WCFAsyncQueryableServices.VS12.Client.Fx.Entities.ttinclude
		WPFClientTemplates\WCFAsyncQueryableServices.VS12.Client.Global.ClientContext.Interfaces.ttinclude = WPFClientTemplates\WCFAsyncQueryableServices.VS12.Client.Global.ClientContext.Interfaces.ttinclude
		WPFClientTemplates\WCFAsyncQueryableServices.VS12.Client.Global.ClientContext.ttinclude = WPFClientTemplates\WCFAsyncQueryableServices.VS12.Client.Global.ClientContext.ttinclude
		WPFClientTemplates\WCFAsyncQueryableServices.VS12.Client.WPF.ClientContext.Interfaces.ttinclude = WPFClientTemplates\WCFAsyncQueryableServices.VS12.Client.WPF.ClientContext.Interfaces.ttinclude
		WPFClientTemplates\WCFAsyncQueryableServices.VS12.Client.WPF.ClientContext.ttinclude = WPFClientTemplates\WCFAsyncQueryableServices.VS12.Client.WPF.ClientContext.ttinclude
		WPFClientTemplates\WCFAsyncQueryableServices.VS12.Client.WPF.Entities.ttinclude = WPFClientTemplates\WCFAsyncQueryableServices.VS12.Client.WPF.Entities.ttinclude
		WPFClientTemplates\WCFAsyncQueryableServices.VS12.Client.WPF.Fx.ClientContext.ttinclude = WPFClientTemplates\WCFAsyncQueryableServices.VS12.Client.WPF.Fx.ClientContext.ttinclude
		WPFClientTemplates\WCFAsyncQueryableServices.VS12.Client.WPF.Fx.ComponentModel.ttinclude = WPFClientTemplates\WCFAsyncQueryableServices.VS12.Client.WPF.Fx.ComponentModel.ttinclude
		WPFClientTemplates\WCFAsyncQueryableServices.VS12.Client.WPF.Fx.Controls.ttinclude = WPFClientTemplates\WCFAsyncQueryableServices.VS12.Client.WPF.Fx.Controls.ttinclude
		WPFClientTemplates\WCFAsyncQueryableServices.VS12.Client.WPF.Global.ClientContext.ttinclude = WPFClientTemplates\WCFAsyncQueryableServices.VS12.Client.WPF.Global.ClientContext.ttinclude
		WPFClientTemplates\WCFAsyncQueryableServices.VS12.Client.WPF.Global.ttinclude = WPFClientTemplates\WCFAsyncQueryableServices.VS12.Client.WPF.Global.ttinclude
		WPFClientTemplates\WCFAsyncQueryableServices.VS12.Client.WPF.Global.WCFServiceProxy.ttinclude = WPFClientTemplates\WCFAsyncQueryableServices.VS12.Client.WPF.Global.WCFServiceProxy.ttinclude
		WPFClientTemplates\WCFAsyncQueryableServices.VS12.Client.WPF.ttinclude = WPFClientTemplates\WCFAsyncQueryableServices.VS12.Client.WPF.ttinclude
		WPFClientTemplates\WCFAsyncQueryableServices.VS12.Client.WPF.WCFServiceProxy.ttinclude = WPFClientTemplates\WCFAsyncQueryableServices.VS12.Client.WPF.WCFServiceProxy.ttinclude
		WPFClientTemplates\WCFAsyncQueryableServices.VS12.Edmx.Utility.merge.tt = WPFClientTemplates\WCFAsyncQueryableServices.VS12.Edmx.Utility.merge.tt
		WPFClientTemplates\WCFAsyncQueryableServices.VS12.Edmx.Utility.ttinclude = WPFClientTemplates\WCFAsyncQueryableServices.VS12.Edmx.Utility.ttinclude
		WPFClientTemplates\WCFAsyncQueryableServices.VS12.EF.Utility.CS.OOB.ttinclude = WPFClientTemplates\WCFAsyncQueryableServices.VS12.EF.Utility.CS.OOB.ttinclude
		WPFClientTemplates\WCFAsyncQueryableServices.VS12.NET45.Client.DTO.merge.tt = WPFClientTemplates\WCFAsyncQueryableServices.VS12.NET45.Client.DTO.merge.tt
		WPFClientTemplates\WCFAsyncQueryableServices.VS12.NET45.Client.DTO.Specifications.merge.tt = WPFClientTemplates\WCFAsyncQueryableServices.VS12.NET45.Client.DTO.Specifications.merge.tt
		WPFClientTemplates\WCFAsyncQueryableServices.VS12.NET45.Client.DTO.Specifications.ttinclude = WPFClientTemplates\WCFAsyncQueryableServices.VS12.NET45.Client.DTO.Specifications.ttinclude
		WPFClientTemplates\WCFAsyncQueryableServices.VS12.NET45.Client.DTO.ttinclude = WPFClientTemplates\WCFAsyncQueryableServices.VS12.NET45.Client.DTO.ttinclude
		WPFClientTemplates\WCFAsyncQueryableServices.VS12.NET45.Client.WPF.ClientContext.Interfaces.merge.tt = WPFClientTemplates\WCFAsyncQueryableServices.VS12.NET45.Client.WPF.ClientContext.Interfaces.merge.tt
		WPFClientTemplates\WCFAsyncQueryableServices.VS12.NET45.Client.WPF.ClientContext.Interfaces.ttinclude = WPFClientTemplates\WCFAsyncQueryableServices.VS12.NET45.Client.WPF.ClientContext.Interfaces.ttinclude
		WPFClientTemplates\WCFAsyncQueryableServices.VS12.NET45.Client.WPF.ClientContext.merge.tt = WPFClientTemplates\WCFAsyncQueryableServices.VS12.NET45.Client.WPF.ClientContext.merge.tt
		WPFClientTemplates\WCFAsyncQueryableServices.VS12.NET45.Client.WPF.ClientContext.ttinclude = WPFClientTemplates\WCFAsyncQueryableServices.VS12.NET45.Client.WPF.ClientContext.ttinclude
		WPFClientTemplates\WCFAsyncQueryableServices.VS12.NET45.Client.WPF.DTO.merge.tt = WPFClientTemplates\WCFAsyncQueryableServices.VS12.NET45.Client.WPF.DTO.merge.tt
		WPFClientTemplates\WCFAsyncQueryableServices.VS12.NET45.Client.WPF.DTO.Specifications.merge.tt = WPFClientTemplates\WCFAsyncQueryableServices.VS12.NET45.Client.WPF.DTO.Specifications.merge.tt
		WPFClientTemplates\WCFAsyncQueryableServices.VS12.NET45.Client.WPF.DTO.Specifications.ttinclude = WPFClientTemplates\WCFAsyncQueryableServices.VS12.NET45.Client.WPF.DTO.Specifications.ttinclude
		WPFClientTemplates\WCFAsyncQueryableServices.VS12.NET45.Client.WPF.DTO.ttinclude = WPFClientTemplates\WCFAsyncQueryableServices.VS12.NET45.Client.WPF.DTO.ttinclude
		WPFClientTemplates\WCFAsyncQueryableServices.VS12.NET45.Client.WPF.Entities.merge.tt = WPFClientTemplates\WCFAsyncQueryableServices.VS12.NET45.Client.WPF.Entities.merge.tt
		WPFClientTemplates\WCFAsyncQueryableServices.VS12.NET45.Client.WPF.Entities.ttinclude = WPFClientTemplates\WCFAsyncQueryableServices.VS12.NET45.Client.WPF.Entities.ttinclude
		WPFClientTemplates\WCFAsyncQueryableServices.VS12.NET45.Client.WPF.Fx.ClientContext.Interfaces.merge.tt = WPFClientTemplates\WCFAsyncQueryableServices.VS12.NET45.Client.WPF.Fx.ClientContext.Interfaces.merge.tt
		WPFClientTemplates\WCFAsyncQueryableServices.VS12.NET45.Client.WPF.Fx.ClientContext.Interfaces.ttinclude = WPFClientTemplates\WCFAsyncQueryableServices.VS12.NET45.Client.WPF.Fx.ClientContext.Interfaces.ttinclude
		WPFClientTemplates\WCFAsyncQueryableServices.VS12.NET45.Client.WPF.Fx.ClientContext.merge.tt = WPFClientTemplates\WCFAsyncQueryableServices.VS12.NET45.Client.WPF.Fx.ClientContext.merge.tt
		WPFClientTemplates\WCFAsyncQueryableServices.VS12.NET45.Client.WPF.Fx.ClientContext.ttinclude = WPFClientTemplates\WCFAsyncQueryableServices.VS12.NET45.Client.WPF.Fx.ClientContext.ttinclude
		WPFClientTemplates\WCFAsyncQueryableServices.VS12.NET45.Client.WPF.Fx.ComponentModel.merge.tt = WPFClientTemplates\WCFAsyncQueryableServices.VS12.NET45.Client.WPF.Fx.ComponentModel.merge.tt
		WPFClientTemplates\WCFAsyncQueryableServices.VS12.NET45.Client.WPF.Fx.ComponentModel.ttinclude = WPFClientTemplates\WCFAsyncQueryableServices.VS12.NET45.Client.WPF.Fx.ComponentModel.ttinclude
		WPFClientTemplates\WCFAsyncQueryableServices.VS12.NET45.Client.WPF.Fx.Controls.merge.tt = WPFClientTemplates\WCFAsyncQueryableServices.VS12.NET45.Client.WPF.Fx.Controls.merge.tt
		WPFClientTemplates\WCFAsyncQueryableServices.VS12.NET45.Client.WPF.Fx.Controls.ttinclude = WPFClientTemplates\WCFAsyncQueryableServices.VS12.NET45.Client.WPF.Fx.Controls.ttinclude
		WPFClientTemplates\WCFAsyncQueryableServices.VS12.NET45.Client.WPF.Fx.Converters.merge.tt = WPFClientTemplates\WCFAsyncQueryableServices.VS12.NET45.Client.WPF.Fx.Converters.merge.tt
		WPFClientTemplates\WCFAsyncQueryableServices.VS12.NET45.Client.WPF.Fx.Converters.ttinclude = WPFClientTemplates\WCFAsyncQueryableServices.VS12.NET45.Client.WPF.Fx.Converters.ttinclude
		WPFClientTemplates\WCFAsyncQueryableServices.VS12.NET45.Client.WPF.Fx.Entities.merge.tt = WPFClientTemplates\WCFAsyncQueryableServices.VS12.NET45.Client.WPF.Fx.Entities.merge.tt
		WPFClientTemplates\WCFAsyncQueryableServices.VS12.NET45.Client.WPF.Fx.Entities.Tracking.merge.tt = WPFClientTemplates\WCFAsyncQueryableServices.VS12.NET45.Client.WPF.Fx.Entities.Tracking.merge.tt
		WPFClientTemplates\WCFAsyncQueryableServices.VS12.NET45.Client.WPF.Fx.Entities.Tracking.ttinclude = WPFClientTemplates\WCFAsyncQueryableServices.VS12.NET45.Client.WPF.Fx.Entities.Tracking.ttinclude
		WPFClientTemplates\WCFAsyncQueryableServices.VS12.NET45.Client.WPF.Fx.Entities.ttinclude = WPFClientTemplates\WCFAsyncQueryableServices.VS12.NET45.Client.WPF.Fx.Entities.ttinclude
		WPFClientTemplates\WCFAsyncQueryableServices.VS12.NET45.Client.WPF.Global.ClientContext.Interfaces.merge.tt = WPFClientTemplates\WCFAsyncQueryableServices.VS12.NET45.Client.WPF.Global.ClientContext.Interfaces.merge.tt
		WPFClientTemplates\WCFAsyncQueryableServices.VS12.NET45.Client.WPF.Global.ClientContext.Interfaces.ttinclude = WPFClientTemplates\WCFAsyncQueryableServices.VS12.NET45.Client.WPF.Global.ClientContext.Interfaces.ttinclude
		WPFClientTemplates\WCFAsyncQueryableServices.VS12.NET45.Client.WPF.Global.ClientContext.merge.tt = WPFClientTemplates\WCFAsyncQueryableServices.VS12.NET45.Client.WPF.Global.ClientContext.merge.tt
		WPFClientTemplates\WCFAsyncQueryableServices.VS12.NET45.Client.WPF.Global.ClientContext.ttinclude = WPFClientTemplates\WCFAsyncQueryableServices.VS12.NET45.Client.WPF.Global.ClientContext.ttinclude
		WPFClientTemplates\WCFAsyncQueryableServices.VS12.NET45.Client.WPF.Global.merge.tt = WPFClientTemplates\WCFAsyncQueryableServices.VS12.NET45.Client.WPF.Global.merge.tt
		WPFClientTemplates\WCFAsyncQueryableServices.VS12.NET45.Client.WPF.Global.ServiceProxy.merge.tt = WPFClientTemplates\WCFAsyncQueryableServices.VS12.NET45.Client.WPF.Global.ServiceProxy.merge.tt
		WPFClientTemplates\WCFAsyncQueryableServices.VS12.NET45.Client.WPF.Global.ServiceProxy.ttinclude = WPFClientTemplates\WCFAsyncQueryableServices.VS12.NET45.Client.WPF.Global.ServiceProxy.ttinclude
		WPFClientTemplates\WCFAsyncQueryableServices.VS12.NET45.Client.WPF.Global.ttinclude = WPFClientTemplates\WCFAsyncQueryableServices.VS12.NET45.Client.WPF.Global.ttinclude
		WPFClientTemplates\WCFAsyncQueryableServices.VS12.NET45.Client.WPF.merge.tt = WPFClientTemplates\WCFAsyncQueryableServices.VS12.NET45.Client.WPF.merge.tt
		WPFClientTemplates\WCFAsyncQueryableServices.VS12.NET45.Client.WPF.ttinclude = WPFClientTemplates\WCFAsyncQueryableServices.VS12.NET45.Client.WPF.ttinclude
		WPFClientTemplates\WCFAsyncQueryableServices.VS12.NET45.Client.WPF.WCFServiceProxy.merge.tt = WPFClientTemplates\WCFAsyncQueryableServices.VS12.NET45.Client.WPF.WCFServiceProxy.merge.tt
		WPFClientTemplates\WCFAsyncQueryableServices.VS12.NET45.Client.WPF.WCFServiceProxy.ttinclude = WPFClientTemplates\WCFAsyncQueryableServices.VS12.NET45.Client.WPF.WCFServiceProxy.ttinclude
		WPFClientTemplates\WCFAsyncQueryableServices.VS12.Specifications.ttinclude = WPFClientTemplates\WCFAsyncQueryableServices.VS12.Specifications.ttinclude
	EndProjectSection
EndProject
Project("{FAE04EC0-301F-11D3-BF4B-00C04F79EFBC}") = "WpfApplication1", "..\WpfApplication1\WpfApplication1.csproj", "{655B3AC8-DDF9-49D5-B14A-66BEB816B5B1}"
EndProject
Global
	GlobalSection(SolutionConfigurationPlatforms) = preSolution
		Debug|Any CPU = Debug|Any CPU
		Release|Any CPU = Release|Any CPU
	EndGlobalSection
	GlobalSection(ProjectConfigurationPlatforms) = postSolution
		{900992DC-9482-41F7-8F2B-5A408E53FA03}.Debug|Any CPU.ActiveCfg = Debug|Any CPU
		{900992DC-9482-41F7-8F2B-5A408E53FA03}.Debug|Any CPU.Build.0 = Debug|Any CPU
		{900992DC-9482-41F7-8F2B-5A408E53FA03}.Release|Any CPU.ActiveCfg = Release|Any CPU
		{900992DC-9482-41F7-8F2B-5A408E53FA03}.Release|Any CPU.Build.0 = Release|Any CPU
		{655B3AC8-DDF9-49D5-B14A-66BEB816B5B1}.Debug|Any CPU.ActiveCfg = Debug|Any CPU
		{655B3AC8-DDF9-49D5-B14A-66BEB816B5B1}.Debug|Any CPU.Build.0 = Debug|Any CPU
		{655B3AC8-DDF9-49D5-B14A-66BEB816B5B1}.Release|Any CPU.ActiveCfg = Release|Any CPU
		{655B3AC8-DDF9-49D5-B14A-66BEB816B5B1}.Release|Any CPU.Build.0 = Release|Any CPU
	EndGlobalSection
	GlobalSection(SolutionProperties) = preSolution
		HideSolutionNode = FALSE
	EndGlobalSection
	GlobalSection(NestedProjects) = preSolution
		{072D7DF1-4754-4FE8-B551-66D823E81C67} = {23E5C803-6607-4BD5-B0D1-092BCE1314F0}
		{6C4307D1-3C2F-42C3-BA12-E41459EDBC9D} = {23E5C803-6607-4BD5-B0D1-092BCE1314F0}
	EndGlobalSection
EndGlobal
